github.com/merzzzl/scrcpy-go v0.0.0-20250718030311-6a6ef0e29848 h1:HAMQ66UyGaUYEof+UUrRHkM9OycCvHd/7vi6+fbIUJY=
github.com/merzzzl/scrcpy-go v0.0.0-20250718030311-6a6ef0e29848/go.mod h1:iYXw5IUXI+BoYj7Tuz7XbrViaklS8A3Dk6uDe/d7I5I=
gocv.io/x/gocv v0.41.0 h1:KM+zRXUP28b6dHfhy+4JxDODbCNQNtLg8kio+YE7TqA=
gocv.io/x/gocv v0.41.0/go.mod h1:zYdWMj29WAEznM3Y8NsU3A0TRq/wR/cy75jeUypThqU=
golang.org/x/sync v0.16.0 h1:ycBJEhp9p4vXvUZNszeOq0kGTPghopOL8q0fq3vstxw=
golang.org/x/sync v0.16.0/go.mod h1:1dzgHSNfp02xaA81J2MS99Qcpr2w7fw1gpm99rleRqA=
gopkg.in/check.v1 v0.0.0-20161208181325-20d25e280405 h1:yhCVgyC4o1eVCa2tZl7eS0r+SDo693bJlVdllGtEeKM=
gopkg.in/check.v1 v0.0.0-20161208181325-20d25e280405/go.mod h1:Co6ibVJAznAaIkqp8huTwlJQCZ016jof/cbN4VW5Yz0=
gopkg.in/yaml.v2 v2.4.0 h1:D8xgwECY7CYvx+Y2n4sBz93Jn9JRvxdiyyo8CTfuKaY=
gopkg.in/yaml.v2 v2.4.0/go.mod h1:RDklbk79AGWmwhnvt/jBztapEOGDOx6ZbXqjP6csGnQ=
